
Microsoft Visual Studio Solution File, Format Version 12.00
# Visual Studio 15
VisualStudioVersion = 15.0.28307.757
MinimumVisualStudioVersion = 10.0.40219.1
Project("{2150E333-8FDC-42A3-9474-1A3956D46DE8}") = "build", "build", "{68B3B7A4-E720-4059-AB9C-E4F50930BDB8}"
	ProjectSection(SolutionItems) = preProject
		Directory.build.props = Directory.build.props
	EndProjectSection
EndProject
Project("{9A19103F-16F7-4668-BE54-9A1E7A4F7556}") = "HotelBooking.WebApi", "HotelBooking.WebApi\HotelBooking.WebApi.csproj", "{C03FCA46-1774-42C0-A448-E13C4FF5142C}"
EndProject
Project("{9A19103F-16F7-4668-BE54-9A1E7A4F7556}") = "HotelBooking.Domain", "HotelBooking.Domain\HotelBooking.Domain.csproj", "{7F81AAAE-86D6-4760-AD11-D88E3E411C0D}"
EndProject
Project("{9A19103F-16F7-4668-BE54-9A1E7A4F7556}") = "HotelBooking.Module", "HotelBooking.Module\HotelBooking.Module.csproj", "{4127FD66-B120-4224-B6C7-C5413A554CC4}"
EndProject
Project("{9A19103F-16F7-4668-BE54-9A1E7A4F7556}") = "HotelBooking.Contracts", "HotelBooking.Contracts\HotelBooking.Contracts.csproj", "{9EDBBCF3-C607-4BF9-969C-12545A57278C}"
EndProject
Project("{9A19103F-16F7-4668-BE54-9A1E7A4F7556}") = "HotelBooking.Services", "HotelBooking.Services\HotelBooking.Services.csproj", "{5A7400AC-9C38-4898-8477-091D9F544BA4}"
EndProject
Project("{FAE04EC0-301F-11D3-BF4B-00C04F79EFBC}") = "HotelBooking.Tests", "HotelBooking.Tests\HotelBooking.Tests.csproj", "{8C921C28-DB33-4C43-B31F-D703B0E64A94}"
EndProject
Global
	GlobalSection(SolutionConfigurationPlatforms) = preSolution
		Debug|Any CPU = Debug|Any CPU
		Release|Any CPU = Release|Any CPU
	EndGlobalSection
	GlobalSection(ProjectConfigurationPlatforms) = postSolution
		{C03FCA46-1774-42C0-A448-E13C4FF5142C}.Debug|Any CPU.ActiveCfg = Debug|Any CPU
		{C03FCA46-1774-42C0-A448-E13C4FF5142C}.Debug|Any CPU.Build.0 = Debug|Any CPU
		{C03FCA46-1774-42C0-A448-E13C4FF5142C}.Release|Any CPU.ActiveCfg = Release|Any CPU
		{C03FCA46-1774-42C0-A448-E13C4FF5142C}.Release|Any CPU.Build.0 = Release|Any CPU
		{7F81AAAE-86D6-4760-AD11-D88E3E411C0D}.Debug|Any CPU.ActiveCfg = Debug|Any CPU
		{7F81AAAE-86D6-4760-AD11-D88E3E411C0D}.Debug|Any CPU.Build.0 = Debug|Any CPU
		{7F81AAAE-86D6-4760-AD11-D88E3E411C0D}.Release|Any CPU.ActiveCfg = Release|Any CPU
		{7F81AAAE-86D6-4760-AD11-D88E3E411C0D}.Release|Any CPU.Build.0 = Release|Any CPU
		{4127FD66-B120-4224-B6C7-C5413A554CC4}.Debug|Any CPU.ActiveCfg = Debug|Any CPU
		{4127FD66-B120-4224-B6C7-C5413A554CC4}.Debug|Any CPU.Build.0 = Debug|Any CPU
		{4127FD66-B120-4224-B6C7-C5413A554CC4}.Release|Any CPU.ActiveCfg = Release|Any CPU
		{4127FD66-B120-4224-B6C7-C5413A554CC4}.Release|Any CPU.Build.0 = Release|Any CPU
		{9EDBBCF3-C607-4BF9-969C-12545A57278C}.Debug|Any CPU.ActiveCfg = Debug|Any CPU
		{9EDBBCF3-C607-4BF9-969C-12545A57278C}.Debug|Any CPU.Build.0 = Debug|Any CPU
		{9EDBBCF3-C607-4BF9-969C-12545A57278C}.Release|Any CPU.ActiveCfg = Release|Any CPU
		{9EDBBCF3-C607-4BF9-969C-12545A57278C}.Release|Any CPU.Build.0 = Release|Any CPU
		{5A7400AC-9C38-4898-8477-091D9F544BA4}.Debug|Any CPU.ActiveCfg = Debug|Any CPU
		{5A7400AC-9C38-4898-8477-091D9F544BA4}.Debug|Any CPU.Build.0 = Debug|Any CPU
		{5A7400AC-9C38-4898-8477-091D9F544BA4}.Release|Any CPU.ActiveCfg = Release|Any CPU
		{5A7400AC-9C38-4898-8477-091D9F544BA4}.Release|Any CPU.Build.0 = Release|Any CPU
		{8C921C28-DB33-4C43-B31F-D703B0E64A94}.Debug|Any CPU.ActiveCfg = Debug|Any CPU
		{8C921C28-DB33-4C43-B31F-D703B0E64A94}.Debug|Any CPU.Build.0 = Debug|Any CPU
		{8C921C28-DB33-4C43-B31F-D703B0E64A94}.Release|Any CPU.ActiveCfg = Release|Any CPU
		{8C921C28-DB33-4C43-B31F-D703B0E64A94}.Release|Any CPU.Build.0 = Release|Any CPU
	EndGlobalSection
	GlobalSection(SolutionProperties) = preSolution
		HideSolutionNode = FALSE
	EndGlobalSection
	GlobalSection(ExtensibilityGlobals) = postSolution
		SolutionGuid = {AE9B8657-F467-4E1B-ADF4-A15270800C71}
	EndGlobalSection
EndGlobal
